// !$*UTF8*$!
{
	archiveVersion = 1;
	classes = {
	};
	objectVersion = 56;
	objects = {

/* Begin PBXBuildFile section */
		1A8A48A62AF9304C002A578E /* AppDelegate.swift in Sources */ = {isa = PBXBuildFile; fileRef = 1A8A48A52AF9304C002A578E /* AppDelegate.swift */; };
		1A8A48A82AF9304C002A578E /* SceneDelegate.swift in Sources */ = {isa = PBXBuildFile; fileRef = 1A8A48A72AF9304C002A578E /* SceneDelegate.swift */; };
		1A8A48AA2AF9304C002A578E /* ViewController.swift in Sources */ = {isa = PBXBuildFile; fileRef = 1A8A48A92AF9304C002A578E /* ViewController.swift */; };
		1A8A48B02AF9304C002A578E /* PokemonApp.xcdatamodeld in Sources */ = {isa = PBXBuildFile; fileRef = 1A8A48AE2AF9304C002A578E /* PokemonApp.xcdatamodeld */; };
		1A8A48B22AF9304E002A578E /* Assets.xcassets in Resources */ = {isa = PBXBuildFile; fileRef = 1A8A48B12AF9304E002A578E /* Assets.xcassets */; };
		1A8A48B52AF9304E002A578E /* LaunchScreen.storyboard in Resources */ = {isa = PBXBuildFile; fileRef = 1A8A48B32AF9304E002A578E /* LaunchScreen.storyboard */; };
		1A8A48C12AF937B8002A578E /* Pokemon.swift in Sources */ = {isa = PBXBuildFile; fileRef = 1A8A48C02AF937B8002A578E /* Pokemon.swift */; };
		1A8A48C32AF96263002A578E /* PokemonTableViewCell.swift in Sources */ = {isa = PBXBuildFile; fileRef = 1A8A48C22AF96263002A578E /* PokemonTableViewCell.swift */; };
		1A8A48C62AF963C6002A578E /* SDWebImage in Frameworks */ = {isa = PBXBuildFile; productRef = 1A8A48C52AF963C6002A578E /* SDWebImage */; };
		1A8A48C82AF963C6002A578E /* SDWebImageMapKit in Frameworks */ = {isa = PBXBuildFile; productRef = 1A8A48C72AF963C6002A578E /* SDWebImageMapKit */; };
		1A8A48F12AF97164002A578E /* APICaller.swift in Sources */ = {isa = PBXBuildFile; fileRef = 1A8A48F02AF97164002A578E /* APICaller.swift */; };
/* End PBXBuildFile section */

/* Begin PBXFileReference section */
		1A8A48A22AF9304C002A578E /* PokemonApp.app */ = {isa = PBXFileReference; explicitFileType = wrapper.application; includeInIndex = 0; path = PokemonApp.app; sourceTree = BUILT_PRODUCTS_DIR; };
		1A8A48A52AF9304C002A578E /* AppDelegate.swift */ = {isa = PBXFileReference; lastKnownFileType = sourcecode.swift; path = AppDelegate.swift; sourceTree = "<group>"; };
		1A8A48A72AF9304C002A578E /* SceneDelegate.swift */ = {isa = PBXFileReference; lastKnownFileType = sourcecode.swift; path = SceneDelegate.swift; sourceTree = "<group>"; };
		1A8A48A92AF9304C002A578E /* ViewController.swift */ = {isa = PBXFileReference; lastKnownFileType = sourcecode.swift; path = ViewController.swift; sourceTree = "<group>"; };
		1A8A48AF2AF9304C002A578E /* PokemonApp.xcdatamodel */ = {isa = PBXFileReference; lastKnownFileType = wrapper.xcdatamodel; path = PokemonApp.xcdatamodel; sourceTree = "<group>"; };
		1A8A48B12AF9304E002A578E /* Assets.xcassets */ = {isa = PBXFileReference; lastKnownFileType = folder.assetcatalog; path = Assets.xcassets; sourceTree = "<group>"; };
		1A8A48B42AF9304E002A578E /* Base */ = {isa = PBXFileReference; lastKnownFileType = file.storyboard; name = Base; path = Base.lproj/LaunchScreen.storyboard; sourceTree = "<group>"; };
		1A8A48B62AF9304E002A578E /* Info.plist */ = {isa = PBXFileReference; lastKnownFileType = text.plist.xml; path = Info.plist; sourceTree = "<group>"; };
		1A8A48C02AF937B8002A578E /* Pokemon.swift */ = {isa = PBXFileReference; lastKnownFileType = sourcecode.swift; path = Pokemon.swift; sourceTree = "<group>"; };
		1A8A48C22AF96263002A578E /* PokemonTableViewCell.swift */ = {isa = PBXFileReference; lastKnownFileType = sourcecode.swift; path = PokemonTableViewCell.swift; sourceTree = "<group>"; };
		1A8A48F02AF97164002A578E /* APICaller.swift */ = {isa = PBXFileReference; lastKnownFileType = sourcecode.swift; path = APICaller.swift; sourceTree = "<group>"; };
/* End PBXFileReference section */

/* Begin PBXFrameworksBuildPhase section */
		1A8A489F2AF9304C002A578E /* Frameworks */ = {
			isa = PBXFrameworksBuildPhase;
			buildActionMask = 2147483647;
			files = (
				1A8A48C82AF963C6002A578E /* SDWebImageMapKit in Frameworks */,
				1A8A48C62AF963C6002A578E /* SDWebImage in Frameworks */,
			);
			runOnlyForDeploymentPostprocessing = 0;
		};
/* End PBXFrameworksBuildPhase section */

/* Begin PBXGroup section */
		1A8A48992AF9304C002A578E = {
			isa = PBXGroup;
			children = (
				1A8A48A42AF9304C002A578E /* PokemonApp */,
				1A8A48A32AF9304C002A578E /* Products */,
			);
			sourceTree = "<group>";
		};
		1A8A48A32AF9304C002A578E /* Products */ = {
			isa = PBXGroup;
			children = (
				1A8A48A22AF9304C002A578E /* PokemonApp.app */,
			);
			name = Products;
			sourceTree = "<group>";
		};
		1A8A48A42AF9304C002A578E /* PokemonApp */ = {
			isa = PBXGroup;
			children = (
				1A8A48F02AF97164002A578E /* APICaller.swift */,
				1A8A48BF2AF9377F002A578E /* Model */,
				1A8A48BC2AF930B1002A578E /* AppDelegate */,
				1A8A48BD2AF930D6002A578E /* Controller */,
				1A8A48BE2AF93100002A578E /* View */,
				1A8A48B12AF9304E002A578E /* Assets.xcassets */,
				1A8A48B62AF9304E002A578E /* Info.plist */,
				1A8A48AE2AF9304C002A578E /* PokemonApp.xcdatamodeld */,
			);
			path = PokemonApp;
			sourceTree = "<group>";
		};
		1A8A48BC2AF930B1002A578E /* AppDelegate */ = {
			isa = PBXGroup;
			children = (
				1A8A48A52AF9304C002A578E /* AppDelegate.swift */,
				1A8A48A72AF9304C002A578E /* SceneDelegate.swift */,
			);
			path = AppDelegate;
			sourceTree = "<group>";
		};
		1A8A48BD2AF930D6002A578E /* Controller */ = {
			isa = PBXGroup;
			children = (
				1A8A48A92AF9304C002A578E /* ViewController.swift */,
				1A8A48C22AF96263002A578E /* PokemonTableViewCell.swift */,
			);
			path = Controller;
			sourceTree = "<group>";
		};
		1A8A48BE2AF93100002A578E /* View */ = {
			isa = PBXGroup;
			children = (
				1A8A48B32AF9304E002A578E /* LaunchScreen.storyboard */,
			);
			path = View;
			sourceTree = "<group>";
		};
		1A8A48BF2AF9377F002A578E /* Model */ = {
			isa = PBXGroup;
			children = (
				1A8A48C02AF937B8002A578E /* Pokemon.swift */,
			);
			path = Model;
			sourceTree = "<group>";
		};
/* End PBXGroup section */

/* Begin PBXNativeTarget section */
		1A8A48A12AF9304C002A578E /* PokemonApp */ = {
			isa = PBXNativeTarget;
			buildConfigurationList = 1A8A48B92AF9304E002A578E /* Build configuration list for PBXNativeTarget "PokemonApp" */;
			buildPhases = (
				1A8A489E2AF9304C002A578E /* Sources */,
				1A8A489F2AF9304C002A578E /* Frameworks */,
				1A8A48A02AF9304C002A578E /* Resources */,
			);
			buildRules = (
			);
			dependencies = (
			);
			name = PokemonApp;
			packageProductDependencies = (
				1A8A48C52AF963C6002A578E /* SDWebImage */,
				1A8A48C72AF963C6002A578E /* SDWebImageMapKit */,
			);
			productName = PokemonApp;
			productReference = 1A8A48A22AF9304C002A578E /* PokemonApp.app */;
			productType = "com.apple.product-type.application";
		};
/* End PBXNativeTarget section */

/* Begin PBXProject section */
		1A8A489A2AF9304C002A578E /* Project object */ = {
			isa = PBXProject;
			attributes = {
				BuildIndependentTargetsInParallel = 1;
				LastSwiftUpdateCheck = 1500;
				LastUpgradeCheck = 1500;
				TargetAttributes = {
					1A8A48A12AF9304C002A578E = {
						CreatedOnToolsVersion = 15.0;
					};
				};
			};
			buildConfigurationList = 1A8A489D2AF9304C002A578E /* Build configuration list for PBXProject "PokemonApp" */;
			compatibilityVersion = "Xcode 14.0";
			developmentRegion = en;
			hasScannedForEncodings = 0;
			knownRegions = (
				en,
				Base,
			);
			mainGroup = 1A8A48992AF9304C002A578E;
			packageReferences = (
				1A8A48C42AF963C6002A578E /* XCRemoteSwiftPackageReference "SDWebImage" */,
			);
			productRefGroup = 1A8A48A32AF9304C002A578E /* Products */;
			projectDirPath = "";
			projectRoot = "";
			targets = (
				1A8A48A12AF9304C002A578E /* PokemonApp */,
			);
		};
/* End PBXProject section */

/* Begin PBXResourcesBuildPhase section */
		1A8A48A02AF9304C002A578E /* Resources */ = {
			isa = PBXResourcesBuildPhase;
			buildActionMask = 2147483647;
			files = (
				1A8A48B52AF9304E002A578E /* LaunchScreen.storyboard in Resources */,
				1A8A48B22AF9304E002A578E /* Assets.xcassets in Resources */,
			);
			runOnlyForDeploymentPostprocessing = 0;
		};
/* End PBXResourcesBuildPhase section */

/* Begin PBXSourcesBuildPhase section */
		1A8A489E2AF9304C002A578E /* Sources */ = {
			isa = PBXSourcesBuildPhase;
			buildActionMask = 2147483647;
			files = (
				1A8A48C12AF937B8002A578E /* Pokemon.swift in Sources */,
				1A8A48AA2AF9304C002A578E /* ViewController.swift in Sources */,
				1A8A48F12AF97164002A578E /* APICaller.swift in Sources */,
				1A8A48B02AF9304C002A578E /* PokemonApp.xcdatamodeld in Sources */,
				1A8A48C32AF96263002A578E /* PokemonTableViewCell.swift in Sources */,
				1A8A48A62AF9304C002A578E /* AppDelegate.swift in Sources */,
				1A8A48A82AF9304C002A578E /* SceneDelegate.swift in Sources */,
			);
			runOnlyForDeploymentPostprocessing = 0;
		};
/* End PBXSourcesBuildPhase section */

/* Begin PBXVariantGroup section */
		1A8A48B32AF9304E002A578E /* LaunchScreen.storyboard */ = {
			isa = PBXVariantGroup;
			children = (
				1A8A48B42AF9304E002A578E /* Base */,
			);
			name = LaunchScreen.storyboard;
			sourceTree = "<group>";
		};
/* End PBXVariantGroup section */

/* Begin XCBuildConfiguration section */
		1A8A48B72AF9304E002A578E /* Debug */ = {
			isa = XCBuildConfiguration;
			buildSettings = {
				ALWAYS_SEARCH_USER_PATHS = NO;
				ASSETCATALOG_COMPILER_GENERATE_SWIFT_ASSET_SYMBOL_EXTENSIONS = YES;
				CLANG_ANALYZER_NONNULL = YES;
				CLANG_ANALYZER_NUMBER_OBJECT_CONVERSION = YES_AGGRESSIVE;
				CLANG_CXX_LANGUAGE_STANDARD = "gnu++20";
				CLANG_ENABLE_MODULES = YES;
				CLANG_ENABLE_OBJC_ARC = YES;
				CLANG_ENABLE_OBJC_WEAK = YES;
				CLANG_WARN_BLOCK_CAPTURE_AUTORELEASING = YES;
				CLANG_WARN_BOOL_CONVERSION = YES;
				CLANG_WARN_COMMA = YES;
				CLANG_WARN_CONSTANT_CONVERSION = YES;
				CLANG_WARN_DEPRECATED_OBJC_IMPLEMENTATIONS = YES;
				CLANG_WARN_DIRECT_OBJC_ISA_USAGE = YES_ERROR;
				CLANG_WARN_DOCUMENTATION_COMMENTS = YES;
				CLANG_WARN_EMPTY_BODY = YES;
				CLANG_WARN_ENUM_CONVERSION = YES;
				CLANG_WARN_INFINITE_RECURSION = YES;
				CLANG_WARN_INT_CONVERSION = YES;
				CLANG_WARN_NON_LITERAL_NULL_CONVERSION = YES;
				CLANG_WARN_OBJC_IMPLICIT_RETAIN_SELF = YES;
				CLANG_WARN_OBJC_LITERAL_CONVERSION = YES;
				CLANG_WARN_OBJC_ROOT_CLASS = YES_ERROR;
				CLANG_WARN_QUOTED_INCLUDE_IN_FRAMEWORK_HEADER = YES;
				CLANG_WARN_RANGE_LOOP_ANALYSIS = YES;
				CLANG_WARN_STRICT_PROTOTYPES = YES;
				CLANG_WARN_SUSPICIOUS_MOVE = YES;
				CLANG_WARN_UNGUARDED_AVAILABILITY = YES_AGGRESSIVE;
				CLANG_WARN_UNREACHABLE_CODE = YES;
				CLANG_WARN__DUPLICATE_METHOD_MATCH = YES;
				COPY_PHASE_STRIP = NO;
				DEBUG_INFORMATION_FORMAT = dwarf;
				ENABLE_STRICT_OBJC_MSGSEND = YES;
				ENABLE_TESTABILITY = YES;
				ENABLE_USER_SCRIPT_SANDBOXING = YES;
				GCC_C_LANGUAGE_STANDARD = gnu17;
				GCC_DYNAMIC_NO_PIC = NO;
				GCC_NO_COMMON_BLOCKS = YES;
				GCC_OPTIMIZATION_LEVEL = 0;
				GCC_PREPROCESSOR_DEFINITIONS = (
					"DEBUG=1",
					"$(inherited)",
				);
				GCC_WARN_64_TO_32_BIT_CONVERSION = YES;
				GCC_WARN_ABOUT_RETURN_TYPE = YES_ERROR;
				GCC_WARN_UNDECLARED_SELECTOR = YES;
				GCC_WARN_UNINITIALIZED_AUTOS = YES_AGGRESSIVE;
				GCC_WARN_UNUSED_FUNCTION = YES;
				GCC_WARN_UNUSED_VARIABLE = YES;
				IPHONEOS_DEPLOYMENT_TARGET = 17.0;
				LOCALIZATION_PREFERS_STRING_CATALOGS = YES;
				MTL_ENABLE_DEBUG_INFO = INCLUDE_SOURCE;
				MTL_FAST_MATH = YES;
				ONLY_ACTIVE_ARCH = YES;
				SDKROOT = iphoneos;
				SWIFT_ACTIVE_COMPILATION_CONDITIONS = "DEBUG $(inherited)";
				SWIFT_OPTIMIZATION_LEVEL = "-Onone";
			};
			name = Debug;
		};
		1A8A48B82AF9304E002A578E /* Release */ = {
			isa = XCBuildConfiguration;
			buildSettings = {
				ALWAYS_SEARCH_USER_PATHS = NO;
				ASSETCATALOG_COMPILER_GENERATE_SWIFT_ASSET_SYMBOL_EXTENSIONS = YES;
				CLANG_ANALYZER_NONNULL = YES;
				CLANG_ANALYZER_NUMBER_OBJECT_CONVERSION = YES_AGGRESSIVE;
				CLANG_CXX_LANGUAGE_STANDARD = "gnu++20";
				CLANG_ENABLE_MODULES = YES;
				CLANG_ENABLE_OBJC_ARC = YES;
				CLANG_ENABLE_OBJC_WEAK = YES;
				CLANG_WARN_BLOCK_CAPTURE_AUTORELEASING = YES;
				CLANG_WARN_BOOL_CONVERSION = YES;
				CLANG_WARN_COMMA = YES;
				CLANG_WARN_CONSTANT_CONVERSION = YES;
				CLANG_WARN_DEPRECATED_OBJC_IMPLEMENTATIONS = YES;
				CLANG_WARN_DIRECT_OBJC_ISA_USAGE = YES_ERROR;
				CLANG_WARN_DOCUMENTATION_COMMENTS = YES;
				CLANG_WARN_EMPTY_BODY = YES;
				CLANG_WARN_ENUM_CONVERSION = YES;
				CLANG_WARN_INFINITE_RECURSION = YES;
				CLANG_WARN_INT_CONVERSION = YES;
				CLANG_WARN_NON_LITERAL_NULL_CONVERSION = YES;
				CLANG_WARN_OBJC_IMPLICIT_RETAIN_SELF = YES;
				CLANG_WARN_OBJC_LITERAL_CONVERSION = YES;
				CLANG_WARN_OBJC_ROOT_CLASS = YES_ERROR;
				CLANG_WARN_QUOTED_INCLUDE_IN_FRAMEWORK_HEADER = YES;
				CLANG_WARN_RANGE_LOOP_ANALYSIS = YES;
				CLANG_WARN_STRICT_PROTOTYPES = YES;
				CLANG_WARN_SUSPICIOUS_MOVE = YES;
				CLANG_WARN_UNGUARDED_AVAILABILITY = YES_AGGRESSIVE;
				CLANG_WARN_UNREACHABLE_CODE = YES;
				CLANG_WARN__DUPLICATE_METHOD_MATCH = YES;
				COPY_PHASE_STRIP = NO;
				DEBUG_INFORMATION_FORMAT = "dwarf-with-dsym";
				ENABLE_NS_ASSERTIONS = NO;
				ENABLE_STRICT_OBJC_MSGSEND = YES;
				ENABLE_USER_SCRIPT_SANDBOXING = YES;
				GCC_C_LANGUAGE_STANDARD = gnu17;
				GCC_NO_COMMON_BLOCKS = YES;
				GCC_WARN_64_TO_32_BIT_CONVERSION = YES;
				GCC_WARN_ABOUT_RETURN_TYPE = YES_ERROR;
				GCC_WARN_UNDECLARED_SELECTOR = YES;
				GCC_WARN_UNINITIALIZED_AUTOS = YES_AGGRESSIVE;
				GCC_WARN_UNUSED_FUNCTION = YES;
				GCC_WARN_UNUSED_VARIABLE = YES;
				IPHONEOS_DEPLOYMENT_TARGET = 17.0;
				LOCALIZATION_PREFERS_STRING_CATALOGS = YES;
				MTL_ENABLE_DEBUG_INFO = NO;
				MTL_FAST_MATH = YES;
				SDKROOT = iphoneos;
				SWIFT_COMPILATION_MODE = wholemodule;
				VALIDATE_PRODUCT = YES;
			};
			name = Release;
		};
		1A8A48BA2AF9304E002A578E /* Debug */ = {
			isa = XCBuildConfiguration;
			buildSettings = {
				ASSETCATALOG_COMPILER_APPICON_NAME = AppIcon;
				ASSETCATALOG_COMPILER_GLOBAL_ACCENT_COLOR_NAME = AccentColor;
				CODE_SIGN_STYLE = Automatic;
				CURRENT_PROJECT_VERSION = 1;
				DEVELOPMENT_TEAM = Y965A522N6;
				GENERATE_INFOPLIST_FILE = YES;
				INFOPLIST_FILE = PokemonApp/Info.plist;
				INFOPLIST_KEY_UIApplicationSupportsIndirectInputEvents = YES;
				INFOPLIST_KEY_UILaunchStoryboardName = LaunchScreen;
				INFOPLIST_KEY_UISupportedInterfaceOrientations_iPad = "UIInterfaceOrientationPortrait UIInterfaceOrientationPortraitUpsideDown UIInterfaceOrientationLandscapeLeft UIInterfaceOrientationLandscapeRight";
				INFOPLIST_KEY_UISupportedInterfaceOrientations_iPhone = "UIInterfaceOrientationPortrait UIInterfaceOrientationLandscapeLeft UIInterfaceOrientationLandscapeRight";
				LD_RUNPATH_SEARCH_PATHS = (
					"$(inherited)",
					"@executable_path/Frameworks",
				);
				MARKETING_VERSION = 1.0;
				PRODUCT_BUNDLE_IDENTIFIER = aolehno.PokemonApp;
				PRODUCT_NAME = "$(TARGET_NAME)";
				SWIFT_EMIT_LOC_STRINGS = YES;
				SWIFT_VERSION = 5.0;
				TARGETED_DEVICE_FAMILY = "1,2";
			};
			name = Debug;
		};
		1A8A48BB2AF9304E002A578E /* Release */ = {
			isa = XCBuildConfiguration;
			buildSettings = {
				ASSETCATALOG_COMPILER_APPICON_NAME = AppIcon;
				ASSETCATALOG_COMPILER_GLOBAL_ACCENT_COLOR_NAME = AccentColor;
				CODE_SIGN_STYLE = Automatic;
				CURRENT_PROJECT_VERSION = 1;
				DEVELOPMENT_TEAM = Y965A522N6;
				GENERATE_INFOPLIST_FILE = YES;
				INFOPLIST_FILE = PokemonApp/Info.plist;
				INFOPLIST_KEY_UIApplicationSupportsIndirectInputEvents = YES;
				INFOPLIST_KEY_UILaunchStoryboardName = LaunchScreen;
				INFOPLIST_KEY_UISupportedInterfaceOrientations_iPad = "UIInterfaceOrientationPortrait UIInterfaceOrientationPortraitUpsideDown UIInterfaceOrientationLandscapeLeft UIInterfaceOrientationLandscapeRight";
				INFOPLIST_KEY_UISupportedInterfaceOrientations_iPhone = "UIInterfaceOrientationPortrait UIInterfaceOrientationLandscapeLeft UIInterfaceOrientationLandscapeRight";
				LD_RUNPATH_SEARCH_PATHS = (
					"$(inherited)",
					"@executable_path/Frameworks",
				);
				MARKETING_VERSION = 1.0;
				PRODUCT_BUNDLE_IDENTIFIER = aolehno.PokemonApp;
				PRODUCT_NAME = "$(TARGET_NAME)";
				SWIFT_EMIT_LOC_STRINGS = YES;
				SWIFT_VERSION = 5.0;
				TARGETED_DEVICE_FAMILY = "1,2";
			};
			name = Release;
		};
/* End XCBuildConfiguration section */

/* Begin XCConfigurationList section */
		1A8A489D2AF9304C002A578E /* Build configuration list for PBXProject "PokemonApp" */ = {
			isa = XCConfigurationList;
			buildConfigurations = (
				1A8A48B72AF9304E002A578E /* Debug */,
				1A8A48B82AF9304E002A578E /* Release */,
			);
			defaultConfigurationIsVisible = 0;
			defaultConfigurationName = Release;
		};
		1A8A48B92AF9304E002A578E /* Build configuration list for PBXNativeTarget "PokemonApp" */ = {
			isa = XCConfigurationList;
			buildConfigurations = (
				1A8A48BA2AF9304E002A578E /* Debug */,
				1A8A48BB2AF9304E002A578E /* Release */,
			);
			defaultConfigurationIsVisible = 0;
			defaultConfigurationName = Release;
		};
/* End XCConfigurationList section */

/* Begin XCRemoteSwiftPackageReference section */
		1A8A48C42AF963C6002A578E /* XCRemoteSwiftPackageReference "SDWebImage" */ = {
			isa = XCRemoteSwiftPackageReference;
			repositoryURL = "https://github.com/SDWebImage/SDWebImage.git";
			requirement = {
				kind = upToNextMajorVersion;
				minimumVersion = 5.18.4;
			};
		};
/* End XCRemoteSwiftPackageReference section */

/* Begin XCSwiftPackageProductDependency section */
		1A8A48C52AF963C6002A578E /* SDWebImage */ = {
			isa = XCSwiftPackageProductDependency;
			package = 1A8A48C42AF963C6002A578E /* XCRemoteSwiftPackageReference "SDWebImage" */;
			productName = SDWebImage;
		};
		1A8A48C72AF963C6002A578E /* SDWebImageMapKit */ = {
			isa = XCSwiftPackageProductDependency;
			package = 1A8A48C42AF963C6002A578E /* XCRemoteSwiftPackageReference "SDWebImage" */;
			productName = SDWebImageMapKit;
		};
/* End XCSwiftPackageProductDependency section */

/* Begin XCVersionGroup section */
		1A8A48AE2AF9304C002A578E /* PokemonApp.xcdatamodeld */ = {
			isa = XCVersionGroup;
			children = (
				1A8A48AF2AF9304C002A578E /* PokemonApp.xcdatamodel */,
			);
			currentVersion = 1A8A48AF2AF9304C002A578E /* PokemonApp.xcdatamodel */;
			path = PokemonApp.xcdatamodeld;
			sourceTree = "<group>";
			versionGroupType = wrapper.xcdatamodel;
		};
/* End XCVersionGroup section */
	};
	rootObject = 1A8A489A2AF9304C002A578E /* Project object */;
}
